
Microsoft Visual Studio Solution File, Format Version 12.00
# Visual Studio Version 17
VisualStudioVersion = 17.6.33723.286
MinimumVisualStudioVersion = 10.0.40219.1
Project("{FAE04EC0-301F-11D3-BF4B-00C04F79EFBC}") = "binaryop.cs", "binaryop.cs\binaryop.cs.csproj", "{18179B50-7326-443A-B21E-B9F743752EF5}"
EndProject
Global
	GlobalSection(SolutionConfigurationPlatforms) = preSolution
		Debug|Any CPU = Debug|Any CPU
		Release|Any CPU = Release|Any CPU
	EndGlobalSection
	GlobalSection(ProjectConfigurationPlatforms) = postSolution
		{18179B50-7326-443A-B21E-B9F743752EF5}.Debug|Any CPU.ActiveCfg = Debug|Any CPU
		{18179B50-7326-443A-B21E-B9F743752EF5}.Debug|Any CPU.Build.0 = Debug|Any CPU
		{18179B50-7326-443A-B21E-B9F743752EF5}.Release|Any CPU.ActiveCfg = Release|Any CPU
		{18179B50-7326-443A-B21E-B9F743752EF5}.Release|Any CPU.Build.0 = Release|Any CPU
	EndGlobalSection
	GlobalSection(SolutionProperties) = preSolution
		HideSolutionNode = FALSE
	EndGlobalSection
	GlobalSection(ExtensibilityGlobals) = postSolution
		SolutionGuid = {620436C8-1EEA-4170-BCF2-D2F71FD72EF0}
	EndGlobalSection
EndGlobal
