
Microsoft Visual Studio Solution File, Format Version 12.00
# Visual Studio Version 17
VisualStudioVersion = 17.6.33723.286
MinimumVisualStudioVersion = 10.0.40219.1
Project("{FAE04EC0-301F-11D3-BF4B-00C04F79EFBC}") = "csharp5.cs", "csharp5.cs\csharp5.cs.csproj", "{0296311E-18BE-4F20-B698-360F2C74DB17}"
EndProject
Global
	GlobalSection(SolutionConfigurationPlatforms) = preSolution
		Debug|Any CPU = Debug|Any CPU
		Release|Any CPU = Release|Any CPU
	EndGlobalSection
	GlobalSection(ProjectConfigurationPlatforms) = postSolution
		{0296311E-18BE-4F20-B698-360F2C74DB17}.Debug|Any CPU.ActiveCfg = Debug|Any CPU
		{0296311E-18BE-4F20-B698-360F2C74DB17}.Debug|Any CPU.Build.0 = Debug|Any CPU
		{0296311E-18BE-4F20-B698-360F2C74DB17}.Release|Any CPU.ActiveCfg = Release|Any CPU
		{0296311E-18BE-4F20-B698-360F2C74DB17}.Release|Any CPU.Build.0 = Release|Any CPU
	EndGlobalSection
	GlobalSection(SolutionProperties) = preSolution
		HideSolutionNode = FALSE
	EndGlobalSection
	GlobalSection(ExtensibilityGlobals) = postSolution
		SolutionGuid = {22393F8F-2183-4BE2-A84C-A1B16CC8DC9F}
	EndGlobalSection
EndGlobal
